
Microsoft Visual Studio Solution File, Format Version 12.00
# Visual Studio Version 17
VisualStudioVersion = 17.5.002.0
MinimumVisualStudioVersion = 10.0.40219.1
Project("{9A19103F-16F7-4668-BE54-9A1E7A4F7556}") = "Web", "Web.csproj", "{94DBCDAE-68AE-40BA-9B17-F1C5538C811C}"
EndProject
Global
	GlobalSection(SolutionConfigurationPlatforms) = preSolution
		Debug|Any CPU = Debug|Any CPU
		Release|Any CPU = Release|Any CPU
	EndGlobalSection
	GlobalSection(ProjectConfigurationPlatforms) = postSolution
		{94DBCDAE-68AE-40BA-9B17-F1C5538C811C}.Debug|Any CPU.ActiveCfg = Debug|Any CPU
		{94DBCDAE-68AE-40BA-9B17-F1C5538C811C}.Debug|Any CPU.Build.0 = Debug|Any CPU
		{94DBCDAE-68AE-40BA-9B17-F1C5538C811C}.Release|Any CPU.ActiveCfg = Release|Any CPU
		{94DBCDAE-68AE-40BA-9B17-F1C5538C811C}.Release|Any CPU.Build.0 = Release|Any CPU
	EndGlobalSection
	GlobalSection(SolutionProperties) = preSolution
		HideSolutionNode = FALSE
	EndGlobalSection
	GlobalSection(ExtensibilityGlobals) = postSolution
		SolutionGuid = {FEA3B3CD-279C-4643-AC4D-6CA89CEBD7FF}
	EndGlobalSection
EndGlobal
